// !$*UTF8*$!
{
	archiveVersion = 1;
	classes = {
	};
	objectVersion = 46;
	objects = {

/* Begin PBXBuildFile section */
		17137A481C8533580014B454 /* main.m in Sources */ = {isa = PBXBuildFile; fileRef = 17137A471C8533580014B454 /* main.m */; };
		17137A4B1C8533580014B454 /* AppDelegate.m in Sources */ = {isa = PBXBuildFile; fileRef = 17137A4A1C8533580014B454 /* AppDelegate.m */; };
		17137A4E1C8533580014B454 /* ViewController.m in Sources */ = {isa = PBXBuildFile; fileRef = 17137A4D1C8533580014B454 /* ViewController.m */; };
		17137A511C8533580014B454 /* Main.storyboard in Resources */ = {isa = PBXBuildFile; fileRef = 17137A4F1C8533580014B454 /* Main.storyboard */; };
		17137A531C8533580014B454 /* Assets.xcassets in Resources */ = {isa = PBXBuildFile; fileRef = 17137A521C8533580014B454 /* Assets.xcassets */; };
		17137A561C8533580014B454 /* LaunchScreen.storyboard in Resources */ = {isa = PBXBuildFile; fileRef = 17137A541C8533580014B454 /* LaunchScreen.storyboard */; };
		17137A611C8533580014B454 /* _9NewsTests.m in Sources */ = {isa = PBXBuildFile; fileRef = 17137A601C8533580014B454 /* _9NewsTests.m */; };
		17137A6C1C8533580014B454 /* _9NewsUITests.m in Sources */ = {isa = PBXBuildFile; fileRef = 17137A6B1C8533580014B454 /* _9NewsUITests.m */; };
/* End PBXBuildFile section */

/* Begin PBXContainerItemProxy section */
		17137A5D1C8533580014B454 /* PBXContainerItemProxy */ = {
			isa = PBXContainerItemProxy;
			containerPortal = 17137A3B1C8533580014B454 /* Project object */;
			proxyType = 1;
			remoteGlobalIDString = 17137A421C8533580014B454;
			remoteInfo = 09News;
		};
		17137A681C8533580014B454 /* PBXContainerItemProxy */ = {
			isa = PBXContainerItemProxy;
			containerPortal = 17137A3B1C8533580014B454 /* Project object */;
			proxyType = 1;
			remoteGlobalIDString = 17137A421C8533580014B454;
			remoteInfo = 09News;
		};
/* End PBXContainerItemProxy section */

/* Begin PBXFileReference section */
		17137A431C8533580014B454 /* 09News.app */ = {isa = PBXFileReference; explicitFileType = wrapper.application; includeInIndex = 0; path = 09News.app; sourceTree = BUILT_PRODUCTS_DIR; };
		17137A471C8533580014B454 /* main.m */ = {isa = PBXFileReference; lastKnownFileType = sourcecode.c.objc; path = main.m; sourceTree = "<group>"; };
		17137A491C8533580014B454 /* AppDelegate.h */ = {isa = PBXFileReference; lastKnownFileType = sourcecode.c.h; path = AppDelegate.h; sourceTree = "<group>"; };
		17137A4A1C8533580014B454 /* AppDelegate.m */ = {isa = PBXFileReference; lastKnownFileType = sourcecode.c.objc; path = AppDelegate.m; sourceTree = "<group>"; };
		17137A4C1C8533580014B454 /* ViewController.h */ = {isa = PBXFileReference; lastKnownFileType = sourcecode.c.h; path = ViewController.h; sourceTree = "<group>"; };
		17137A4D1C8533580014B454 /* ViewController.m */ = {isa = PBXFileReference; lastKnownFileType = sourcecode.c.objc; path = ViewController.m; sourceTree = "<group>"; };
		17137A501C8533580014B454 /* Base */ = {isa = PBXFileReference; lastKnownFileType = file.storyboard; name = Base; path = Base.lproj/Main.storyboard; sourceTree = "<group>"; };
		17137A521C8533580014B454 /* Assets.xcassets */ = {isa = PBXFileReference; lastKnownFileType = folder.assetcatalog; path = Assets.xcassets; sourceTree = "<group>"; };
		17137A551C8533580014B454 /* Base */ = {isa = PBXFileReference; lastKnownFileType = file.storyboard; name = Base; path = Base.lproj/LaunchScreen.storyboard; sourceTree = "<group>"; };
		17137A571C8533580014B454 /* Info.plist */ = {isa = PBXFileReference; lastKnownFileType = text.plist.xml; path = Info.plist; sourceTree = "<group>"; };
		17137A5C1C8533580014B454 /* 09NewsTests.xctest */ = {isa = PBXFileReference; explicitFileType = wrapper.cfbundle; includeInIndex = 0; path = 09NewsTests.xctest; sourceTree = BUILT_PRODUCTS_DIR; };
		17137A601C8533580014B454 /* _9NewsTests.m */ = {isa = PBXFileReference; lastKnownFileType = sourcecode.c.objc; path = _9NewsTests.m; sourceTree = "<group>"; };
		17137A621C8533580014B454 /* Info.plist */ = {isa = PBXFileReference; lastKnownFileType = text.plist.xml; path = Info.plist; sourceTree = "<group>"; };
		17137A671C8533580014B454 /* 09NewsUITests.xctest */ = {isa = PBXFileReference; explicitFileType = wrapper.cfbundle; includeInIndex = 0; path = 09NewsUITests.xctest; sourceTree = BUILT_PRODUCTS_DIR; };
		17137A6B1C8533580014B454 /* _9NewsUITests.m */ = {isa = PBXFileReference; lastKnownFileType = sourcecode.c.objc; path = _9NewsUITests.m; sourceTree = "<group>"; };
		17137A6D1C8533580014B454 /* Info.plist */ = {isa = PBXFileReference; lastKnownFileType = text.plist.xml; path = Info.plist; sourceTree = "<group>"; };
/* End PBXFileReference section */

/* Begin PBXFrameworksBuildPhase section */
		17137A401C8533580014B454 /* Frameworks */ = {
			isa = PBXFrameworksBuildPhase;
			buildActionMask = 2147483647;
			files = (
			);
			runOnlyForDeploymentPostprocessing = 0;
		};
		17137A591C8533580014B454 /* Frameworks */ = {
			isa = PBXFrameworksBuildPhase;
			buildActionMask = 2147483647;
			files = (
			);
			runOnlyForDeploymentPostprocessing = 0;
		};
		17137A641C8533580014B454 /* Frameworks */ = {
			isa = PBXFrameworksBuildPhase;
			buildActionMask = 2147483647;
			files = (
			);
			runOnlyForDeploymentPostprocessing = 0;
		};
/* End PBXFrameworksBuildPhase section */

/* Begin PBXGroup section */
		17137A3A1C8533580014B454 = {
			isa = PBXGroup;
			children = (
				17137A451C8533580014B454 /* 09News */,
				17137A5F1C8533580014B454 /* 09NewsTests */,
				17137A6A1C8533580014B454 /* 09NewsUITests */,
				17137A441C8533580014B454 /* Products */,
			);
			sourceTree = "<group>";
		};
		17137A441C8533580014B454 /* Products */ = {
			isa = PBXGroup;
			children = (
				17137A431C8533580014B454 /* 09News.app */,
				17137A5C1C8533580014B454 /* 09NewsTests.xctest */,
				17137A671C8533580014B454 /* 09NewsUITests.xctest */,
			);
			name = Products;
			sourceTree = "<group>";
		};
		17137A451C8533580014B454 /* 09News */ = {
			isa = PBXGroup;
			children = (
				17137A491C8533580014B454 /* AppDelegate.h */,
				17137A4A1C8533580014B454 /* AppDelegate.m */,
				17137A4C1C8533580014B454 /* ViewController.h */,
				17137A4D1C8533580014B454 /* ViewController.m */,
				17137A4F1C8533580014B454 /* Main.storyboard */,
				17137A521C8533580014B454 /* Assets.xcassets */,
				17137A541C8533580014B454 /* LaunchScreen.storyboard */,
				17137A571C8533580014B454 /* Info.plist */,
				17137A461C8533580014B454 /* Supporting Files */,
			);
			path = 09News;
			sourceTree = "<group>";
		};
		17137A461C8533580014B454 /* Supporting Files */ = {
			isa = PBXGroup;
			children = (
				17137A471C8533580014B454 /* main.m */,
			);
			name = "Supporting Files";
			sourceTree = "<group>";
		};
		17137A5F1C8533580014B454 /* 09NewsTests */ = {
			isa = PBXGroup;
			children = (
				17137A601C8533580014B454 /* _9NewsTests.m */,
				17137A621C8533580014B454 /* Info.plist */,
			);
			path = 09NewsTests;
			sourceTree = "<group>";
		};
		17137A6A1C8533580014B454 /* 09NewsUITests */ = {
			isa = PBXGroup;
			children = (
				17137A6B1C8533580014B454 /* _9NewsUITests.m */,
				17137A6D1C8533580014B454 /* Info.plist */,
			);
			path = 09NewsUITests;
			sourceTree = "<group>";
		};
/* End PBXGroup section */

/* Begin PBXNativeTarget section */
		17137A421C8533580014B454 /* 09News */ = {
			isa = PBXNativeTarget;
			buildConfigurationList = 17137A701C8533580014B454 /* Build configuration list for PBXNativeTarget "09News" */;
			buildPhases = (
				17137A3F1C8533580014B454 /* Sources */,
				17137A401C8533580014B454 /* Frameworks */,
				17137A411C8533580014B454 /* Resources */,
			);
			buildRules = (
			);
			dependencies = (
			);
			name = 09News;
			productName = 09News;
			productReference = 17137A431C8533580014B454 /* 09News.app */;
			productType = "com.apple.product-type.application";
		};
		17137A5B1C8533580014B454 /* 09NewsTests */ = {
			isa = PBXNativeTarget;
			buildConfigurationList = 17137A731C8533580014B454 /* Build configuration list for PBXNativeTarget "09NewsTests" */;
			buildPhases = (
				17137A581C8533580014B454 /* Sources */,
				17137A591C8533580014B454 /* Frameworks */,
				17137A5A1C8533580014B454 /* Resources */,
			);
			buildRules = (
			);
			dependencies = (
				17137A5E1C8533580014B454 /* PBXTargetDependency */,
			);
			name = 09NewsTests;
			productName = 09NewsTests;
			productReference = 17137A5C1C8533580014B454 /* 09NewsTests.xctest */;
			productType = "com.apple.product-type.bundle.unit-test";
		};
		17137A661C8533580014B454 /* 09NewsUITests */ = {
			isa = PBXNativeTarget;
			buildConfigurationList = 17137A761C8533580014B454 /* Build configuration list for PBXNativeTarget "09NewsUITests" */;
			buildPhases = (
				17137A631C8533580014B454 /* Sources */,
				17137A641C8533580014B454 /* Frameworks */,
				17137A651C8533580014B454 /* Resources */,
			);
			buildRules = (
			);
			dependencies = (
				17137A691C8533580014B454 /* PBXTargetDependency */,
			);
			name = 09NewsUITests;
			productName = 09NewsUITests;
			productReference = 17137A671C8533580014B454 /* 09NewsUITests.xctest */;
			productType = "com.apple.product-type.bundle.ui-testing";
		};
/* End PBXNativeTarget section */

/* Begin PBXProject section */
		17137A3B1C8533580014B454 /* Project object */ = {
			isa = PBXProject;
			attributes = {
				LastUpgradeCheck = 0720;
				ORGANIZATIONNAME = LiuYu;
				TargetAttributes = {
					17137A421C8533580014B454 = {
						CreatedOnToolsVersion = 7.2;
					};
					17137A5B1C8533580014B454 = {
						CreatedOnToolsVersion = 7.2;
						TestTargetID = 17137A421C8533580014B454;
					};
					17137A661C8533580014B454 = {
						CreatedOnToolsVersion = 7.2;
						TestTargetID = 17137A421C8533580014B454;
					};
				};
			};
			buildConfigurationList = 17137A3E1C8533580014B454 /* Build configuration list for PBXProject "09News" */;
			compatibilityVersion = "Xcode 3.2";
			developmentRegion = English;
			hasScannedForEncodings = 0;
			knownRegions = (
				en,
				Base,
			);
			mainGroup = 17137A3A1C8533580014B454;
			productRefGroup = 17137A441C8533580014B454 /* Products */;
			projectDirPath = "";
			projectRoot = "";
			targets = (
				17137A421C8533580014B454 /* 09News */,
				17137A5B1C8533580014B454 /* 09NewsTests */,
				17137A661C8533580014B454 /* 09NewsUITests */,
			);
		};
/* End PBXProject section */

/* Begin PBXResourcesBuildPhase section */
		17137A411C8533580014B454 /* Resources */ = {
			isa = PBXResourcesBuildPhase;
			buildActionMask = 2147483647;
			files = (
				17137A561C8533580014B454 /* LaunchScreen.storyboard in Resources */,
				17137A531C8533580014B454 /* Assets.xcassets in Resources */,
				17137A511C8533580014B454 /* Main.storyboard in Resources */,
			);
			runOnlyForDeploymentPostprocessing = 0;
		};
		17137A5A1C8533580014B454 /* Resources */ = {
			isa = PBXResourcesBuildPhase;
			buildActionMask = 2147483647;
			files = (
			);
			runOnlyForDeploymentPostprocessing = 0;
		};
		17137A651C8533580014B454 /* Resources */ = {
			isa = PBXResourcesBuildPhase;
			buildActionMask = 2147483647;
			files = (
			);
			runOnlyForDeploymentPostprocessing = 0;
		};
/* End PBXResourcesBuildPhase section */

/* Begin PBXSourcesBuildPhase section */
		17137A3F1C8533580014B454 /* Sources */ = {
			isa = PBXSourcesBuildPhase;
			buildActionMask = 2147483647;
			files = (
				17137A4E1C8533580014B454 /* ViewController.m in Sources */,
				17137A4B1C8533580014B454 /* AppDelegate.m in Sources */,
				17137A481C8533580014B454 /* main.m in Sources */,
			);
			runOnlyForDeploymentPostprocessing = 0;
		};
		17137A581C8533580014B454 /* Sources */ = {
			isa = PBXSourcesBuildPhase;
			buildActionMask = 2147483647;
			files = (
				17137A611C8533580014B454 /* _9NewsTests.m in Sources */,
			);
			runOnlyForDeploymentPostprocessing = 0;
		};
		17137A631C8533580014B454 /* Sources */ = {
			isa = PBXSourcesBuildPhase;
			buildActionMask = 2147483647;
			files = (
				17137A6C1C8533580014B454 /* _9NewsUITests.m in Sources */,
			);
			runOnlyForDeploymentPostprocessing = 0;
		};
/* End PBXSourcesBuildPhase section */

/* Begin PBXTargetDependency section */
		17137A5E1C8533580014B454 /* PBXTargetDependency */ = {
			isa = PBXTargetDependency;
			target = 17137A421C8533580014B454 /* 09News */;
			targetProxy = 17137A5D1C8533580014B454 /* PBXContainerItemProxy */;
		};
		17137A691C8533580014B454 /* PBXTargetDependency */ = {
			isa = PBXTargetDependency;
			target = 17137A421C8533580014B454 /* 09News */;
			targetProxy = 17137A681C8533580014B454 /* PBXContainerItemProxy */;
		};
/* End PBXTargetDependency section */

/* Begin PBXVariantGroup section */
		17137A4F1C8533580014B454 /* Main.storyboard */ = {
			isa = PBXVariantGroup;
			children = (
				17137A501C8533580014B454 /* Base */,
			);
			name = Main.storyboard;
			sourceTree = "<group>";
		};
		17137A541C8533580014B454 /* LaunchScreen.storyboard */ = {
			isa = PBXVariantGroup;
			children = (
				17137A551C8533580014B454 /* Base */,
			);
			name = LaunchScreen.storyboard;
			sourceTree = "<group>";
		};
/* End PBXVariantGroup section */

/* Begin XCBuildConfiguration section */
		17137A6E1C8533580014B454 /* Debug */ = {
			isa = XCBuildConfiguration;
			buildSettings = {
				ALWAYS_SEARCH_USER_PATHS = NO;
				CLANG_CXX_LANGUAGE_STANDARD = "gnu++0x";
				CLANG_CXX_LIBRARY = "libc++";
				CLANG_ENABLE_MODULES = YES;
				CLANG_ENABLE_OBJC_ARC = YES;
				CLANG_WARN_BOOL_CONVERSION = YES;
				CLANG_WARN_CONSTANT_CONVERSION = YES;
				CLANG_WARN_DIRECT_OBJC_ISA_USAGE = YES_ERROR;
				CLANG_WARN_EMPTY_BODY = YES;
				CLANG_WARN_ENUM_CONVERSION = YES;
				CLANG_WARN_INT_CONVERSION = YES;
				CLANG_WARN_OBJC_ROOT_CLASS = YES_ERROR;
				CLANG_WARN_UNREACHABLE_CODE = YES;
				CLANG_WARN__DUPLICATE_METHOD_MATCH = YES;
				"CODE_SIGN_IDENTITY[sdk=iphoneos*]" = "iPhone Developer";
				COPY_PHASE_STRIP = NO;
				DEBUG_INFORMATION_FORMAT = dwarf;
				ENABLE_STRICT_OBJC_MSGSEND = YES;
				ENABLE_TESTABILITY = YES;
				GCC_C_LANGUAGE_STANDARD = gnu99;
				GCC_DYNAMIC_NO_PIC = NO;
				GCC_NO_COMMON_BLOCKS = YES;
				GCC_OPTIMIZATION_LEVEL = 0;
				GCC_PREPROCESSOR_DEFINITIONS = (
					"DEBUG=1",
					"$(inherited)",
				);
				GCC_WARN_64_TO_32_BIT_CONVERSION = YES;
				GCC_WARN_ABOUT_RETURN_TYPE = YES_ERROR;
				GCC_WARN_UNDECLARED_SELECTOR = YES;
				GCC_WARN_UNINITIALIZED_AUTOS = YES_AGGRESSIVE;
				GCC_WARN_UNUSED_FUNCTION = YES;
				GCC_WARN_UNUSED_VARIABLE = YES;
				IPHONEOS_DEPLOYMENT_TARGET = 9.2;
				MTL_ENABLE_DEBUG_INFO = YES;
				ONLY_ACTIVE_ARCH = YES;
				SDKROOT = iphoneos;
				TARGETED_DEVICE_FAMILY = "1,2";
			};
			name = Debug;
		};
		17137A6F1C8533580014B454 /* Release */ = {
			isa = XCBuildConfiguration;
			buildSettings = {
				ALWAYS_SEARCH_USER_PATHS = NO;
				CLANG_CXX_LANGUAGE_STANDARD = "gnu++0x";
				CLANG_CXX_LIBRARY = "libc++";
				CLANG_ENABLE_MODULES = YES;
				CLANG_ENABLE_OBJC_ARC = YES;
				CLANG_WARN_BOOL_CONVERSION = YES;
				CLANG_WARN_CONSTANT_CONVERSION = YES;
				CLANG_WARN_DIRECT_OBJC_ISA_USAGE = YES_ERROR;
				CLANG_WARN_EMPTY_BODY = YES;
				CLANG_WARN_ENUM_CONVERSION = YES;
				CLANG_WARN_INT_CONVERSION = YES;
				CLANG_WARN_OBJC_ROOT_CLASS = YES_ERROR;
				CLANG_WARN_UNREACHABLE_CODE = YES;
				CLANG_WARN__DUPLICATE_METHOD_MATCH = YES;
				"CODE_SIGN_IDENTITY[sdk=iphoneos*]" = "iPhone Developer";
				COPY_PHASE_STRIP = NO;
				DEBUG_INFORMATION_FORMAT = "dwarf-with-dsym";
				ENABLE_NS_ASSERTIONS = NO;
				ENABLE_STRICT_OBJC_MSGSEND = YES;
				GCC_C_LANGUAGE_STANDARD = gnu99;
				GCC_NO_COMMON_BLOCKS = YES;
				GCC_WARN_64_TO_32_BIT_CONVERSION = YES;
				GCC_WARN_ABOUT_RETURN_TYPE = YES_ERROR;
				GCC_WARN_UNDECLARED_SELECTOR = YES;
				GCC_WARN_UNINITIALIZED_AUTOS = YES_AGGRESSIVE;
				GCC_WARN_UNUSED_FUNCTION = YES;
				GCC_WARN_UNUSED_VARIABLE = YES;
				IPHONEOS_DEPLOYMENT_TARGET = 9.2;
				MTL_ENABLE_DEBUG_INFO = NO;
				SDKROOT = iphoneos;
				TARGETED_DEVICE_FAMILY = "1,2";
				VALIDATE_PRODUCT = YES;
			};
			name = Release;
		};
		17137A711C8533580014B454 /* Debug */ = {
			isa = XCBuildConfiguration;
			buildSettings = {
				ASSETCATALOG_COMPILER_APPICON_NAME = AppIcon;
				INFOPLIST_FILE = 09News/Info.plist;
				LD_RUNPATH_SEARCH_PATHS = "$(inherited) @executable_path/Frameworks";
				PRODUCT_BUNDLE_IDENTIFIER = "ly.-9News";
				PRODUCT_NAME = "$(TARGET_NAME)";
			};
			name = Debug;
		};
		17137A721C8533580014B454 /* Release */ = {
			isa = XCBuildConfiguration;
			buildSettings = {
				ASSETCATALOG_COMPILER_APPICON_NAME = AppIcon;
				INFOPLIST_FILE = 09News/Info.plist;
				LD_RUNPATH_SEARCH_PATHS = "$(inherited) @executable_path/Frameworks";
				PRODUCT_BUNDLE_IDENTIFIER = "ly.-9News";
				PRODUCT_NAME = "$(TARGET_NAME)";
			};
			name = Release;
		};
		17137A741C8533580014B454 /* Debug */ = {
			isa = XCBuildConfiguration;
			buildSettings = {
				BUNDLE_LOADER = "$(TEST_HOST)";
				INFOPLIST_FILE = 09NewsTests/Info.plist;
				LD_RUNPATH_SEARCH_PATHS = "$(inherited) @executable_path/Frameworks @loader_path/Frameworks";
				PRODUCT_BUNDLE_IDENTIFIER = "ly.-9NewsTests";
				PRODUCT_NAME = "$(TARGET_NAME)";
				TEST_HOST = "$(BUILT_PRODUCTS_DIR)/09News.app/09News";
			};
			name = Debug;
		};
		17137A751C8533580014B454 /* Release */ = {
			isa = XCBuildConfiguration;
			buildSettings = {
				BUNDLE_LOADER = "$(TEST_HOST)";
				INFOPLIST_FILE = 09NewsTests/Info.plist;
				LD_RUNPATH_SEARCH_PATHS = "$(inherited) @executable_path/Frameworks @loader_path/Frameworks";
				PRODUCT_BUNDLE_IDENTIFIER = "ly.-9NewsTests";
				PRODUCT_NAME = "$(TARGET_NAME)";
				TEST_HOST = "$(BUILT_PRODUCTS_DIR)/09News.app/09News";
			};
			name = Release;
		};
		17137A771C8533580014B454 /* Debug */ = {
			isa = XCBuildConfiguration;
			buildSettings = {
				INFOPLIST_FILE = 09NewsUITests/Info.plist;
				LD_RUNPATH_SEARCH_PATHS = "$(inherited) @executable_path/Frameworks @loader_path/Frameworks";
				PRODUCT_BUNDLE_IDENTIFIER = "ly.-9NewsUITests";
				PRODUCT_NAME = "$(TARGET_NAME)";
				TEST_TARGET_NAME = 09News;
				USES_XCTRUNNER = YES;
			};
			name = Debug;
		};
		17137A781C8533580014B454 /* Release */ = {
			isa = XCBuildConfiguration;
			buildSettings = {
				INFOPLIST_FILE = 09NewsUITests/Info.plist;
				LD_RUNPATH_SEARCH_PATHS = "$(inherited) @executable_path/Frameworks @loader_path/Frameworks";
				PRODUCT_BUNDLE_IDENTIFIER = "ly.-9NewsUITests";
				PRODUCT_NAME = "$(TARGET_NAME)";
				TEST_TARGET_NAME = 09News;
				USES_XCTRUNNER = YES;
			};
			name = Release;
		};
/* End XCBuildConfiguration section */

/* Begin XCConfigurationList section */
		17137A3E1C8533580014B454 /* Build configuration list for PBXProject "09News" */ = {
			isa = XCConfigurationList;
			buildConfigurations = (
				17137A6E1C8533580014B454 /* Debug */,
				17137A6F1C8533580014B454 /* Release */,
			);
			defaultConfigurationIsVisible = 0;
			defaultConfigurationName = Release;
		};
		17137A701C8533580014B454 /* Build configuration list for PBXNativeTarget "09News" */ = {
			isa = XCConfigurationList;
			buildConfigurations = (
				17137A711C8533580014B454 /* Debug */,
				17137A721C8533580014B454 /* Release */,
			);
			defaultConfigurationIsVisible = 0;
		};
		17137A731C8533580014B454 /* Build configuration list for PBXNativeTarget "09NewsTests" */ = {
			isa = XCConfigurationList;
			buildConfigurations = (
				17137A741C8533580014B454 /* Debug */,
				17137A751C8533580014B454 /* Release */,
			);
			defaultConfigurationIsVisible = 0;
		};
		17137A761C8533580014B454 /* Build configuration list for PBXNativeTarget "09NewsUITests" */ = {
			isa = XCConfigurationList;
			buildConfigurations = (
				17137A771C8533580014B454 /* Debug */,
				17137A781C8533580014B454 /* Release */,
			);
			defaultConfigurationIsVisible = 0;
		};
/* End XCConfigurationList section */
	};
	rootObject = 17137A3B1C8533580014B454 /* Project object */;
}
